
Microsoft Visual Studio Solution File, Format Version 12.00
# Visual Studio Version 17
VisualStudioVersion = 17.5.002.0
MinimumVisualStudioVersion = 10.0.40219.1
Project("{9A19103F-16F7-4668-BE54-9A1E7A4F7556}") = "MvcSpotify", "MvcSpotify.csproj", "{20EFBA7B-80D0-45FE-9837-1E9FFCD779C3}"
EndProject
Global
	GlobalSection(SolutionConfigurationPlatforms) = preSolution
		Debug|Any CPU = Debug|Any CPU
		Release|Any CPU = Release|Any CPU
	EndGlobalSection
	GlobalSection(ProjectConfigurationPlatforms) = postSolution
		{20EFBA7B-80D0-45FE-9837-1E9FFCD779C3}.Debug|Any CPU.ActiveCfg = Debug|Any CPU
		{20EFBA7B-80D0-45FE-9837-1E9FFCD779C3}.Debug|Any CPU.Build.0 = Debug|Any CPU
		{20EFBA7B-80D0-45FE-9837-1E9FFCD779C3}.Release|Any CPU.ActiveCfg = Release|Any CPU
		{20EFBA7B-80D0-45FE-9837-1E9FFCD779C3}.Release|Any CPU.Build.0 = Release|Any CPU
	EndGlobalSection
	GlobalSection(SolutionProperties) = preSolution
		HideSolutionNode = FALSE
	EndGlobalSection
	GlobalSection(ExtensibilityGlobals) = postSolution
		SolutionGuid = {14880A91-78B9-42EC-A823-F38E2620094C}
	EndGlobalSection
EndGlobal
